
Microsoft Visual Studio Solution File, Format Version 12.00
# Visual Studio Version 16
VisualStudioVersion = 16.0.28917.181
MinimumVisualStudioVersion = 10.0.40219.1
Project("{FAE04EC0-301F-11D3-BF4B-00C04F79EFBC}") = "Kyrsovaya Sazeev Anodin", "Kyrsovaya Sazeev Anodin\Kyrsovaya Sazeev Anodin.csproj", "{B38D5A48-1A49-49C3-B600-DF8CB5BC2610}"
EndProject
Global
	GlobalSection(SolutionConfigurationPlatforms) = preSolution
		Debug|Any CPU = Debug|Any CPU
		Release|Any CPU = Release|Any CPU
	EndGlobalSection
	GlobalSection(ProjectConfigurationPlatforms) = postSolution
		{B38D5A48-1A49-49C3-B600-DF8CB5BC2610}.Debug|Any CPU.ActiveCfg = Debug|Any CPU
		{B38D5A48-1A49-49C3-B600-DF8CB5BC2610}.Debug|Any CPU.Build.0 = Debug|Any CPU
		{B38D5A48-1A49-49C3-B600-DF8CB5BC2610}.Release|Any CPU.ActiveCfg = Release|Any CPU
		{B38D5A48-1A49-49C3-B600-DF8CB5BC2610}.Release|Any CPU.Build.0 = Release|Any CPU
	EndGlobalSection
	GlobalSection(SolutionProperties) = preSolution
		HideSolutionNode = FALSE
	EndGlobalSection
	GlobalSection(ExtensibilityGlobals) = postSolution
		SolutionGuid = {3771380E-9053-4955-B901-694A525D65F8}
	EndGlobalSection
EndGlobal
